// !$*UTF8*$!
{
	archiveVersion = 1;
	classes = {
	};
	objectVersion = 56;
	objects = {

/* Begin PBXBuildFile section */
		CEE84DB62A92D658006276A0 /* ItemFormView.swift in Sources */ = {isa = PBXBuildFile; fileRef = CEE84DB52A92D658006276A0 /* ItemFormView.swift */; };
		CEEB1C332A9181AB0068A853 /* LearnCrudNavApp.swift in Sources */ = {isa = PBXBuildFile; fileRef = CEEB1C322A9181AB0068A853 /* LearnCrudNavApp.swift */; };
		CEEB1C372A9181AD0068A853 /* Assets.xcassets in Resources */ = {isa = PBXBuildFile; fileRef = CEEB1C362A9181AD0068A853 /* Assets.xcassets */; };
		CEEB1C3A2A9181AD0068A853 /* Preview Assets.xcassets in Resources */ = {isa = PBXBuildFile; fileRef = CEEB1C392A9181AD0068A853 /* Preview Assets.xcassets */; };
		CEEB1C412A9181BE0068A853 /* Models.swift in Sources */ = {isa = PBXBuildFile; fileRef = CEEB1C402A9181BE0068A853 /* Models.swift */; };
		CEEB1C432A9181E30068A853 /* ListView.swift in Sources */ = {isa = PBXBuildFile; fileRef = CEEB1C422A9181E30068A853 /* ListView.swift */; };
		CEEB1C452A9181ED0068A853 /* ShowView.swift in Sources */ = {isa = PBXBuildFile; fileRef = CEEB1C442A9181ED0068A853 /* ShowView.swift */; };
		CEEB1C472A9181F50068A853 /* EditView.swift in Sources */ = {isa = PBXBuildFile; fileRef = CEEB1C462A9181F50068A853 /* EditView.swift */; };
		CEEB1C492A9182030068A853 /* AddView.swift in Sources */ = {isa = PBXBuildFile; fileRef = CEEB1C482A9182030068A853 /* AddView.swift */; };
		CEEB1C4B2A9182460068A853 /* CardSuitView.swift in Sources */ = {isa = PBXBuildFile; fileRef = CEEB1C4A2A9182460068A853 /* CardSuitView.swift */; };
/* End PBXBuildFile section */

/* Begin PBXFileReference section */
		CEC430B42ADA6DB800B301A6 /* Info.plist */ = {isa = PBXFileReference; lastKnownFileType = text.plist; path = Info.plist; sourceTree = "<group>"; };
		CEE84DB52A92D658006276A0 /* ItemFormView.swift */ = {isa = PBXFileReference; lastKnownFileType = sourcecode.swift; path = ItemFormView.swift; sourceTree = "<group>"; };
		CEEB1C2F2A9181AB0068A853 /* LearnCrudNav.app */ = {isa = PBXFileReference; explicitFileType = wrapper.application; includeInIndex = 0; path = LearnCrudNav.app; sourceTree = BUILT_PRODUCTS_DIR; };
		CEEB1C322A9181AB0068A853 /* LearnCrudNavApp.swift */ = {isa = PBXFileReference; lastKnownFileType = sourcecode.swift; path = LearnCrudNavApp.swift; sourceTree = "<group>"; };
		CEEB1C362A9181AD0068A853 /* Assets.xcassets */ = {isa = PBXFileReference; lastKnownFileType = folder.assetcatalog; path = Assets.xcassets; sourceTree = "<group>"; };
		CEEB1C392A9181AD0068A853 /* Preview Assets.xcassets */ = {isa = PBXFileReference; lastKnownFileType = folder.assetcatalog; path = "Preview Assets.xcassets"; sourceTree = "<group>"; };
		CEEB1C402A9181BE0068A853 /* Models.swift */ = {isa = PBXFileReference; lastKnownFileType = sourcecode.swift; path = Models.swift; sourceTree = "<group>"; };
		CEEB1C422A9181E30068A853 /* ListView.swift */ = {isa = PBXFileReference; lastKnownFileType = sourcecode.swift; path = ListView.swift; sourceTree = "<group>"; };
		CEEB1C442A9181ED0068A853 /* ShowView.swift */ = {isa = PBXFileReference; lastKnownFileType = sourcecode.swift; path = ShowView.swift; sourceTree = "<group>"; };
		CEEB1C462A9181F50068A853 /* EditView.swift */ = {isa = PBXFileReference; lastKnownFileType = sourcecode.swift; path = EditView.swift; sourceTree = "<group>"; };
		CEEB1C482A9182030068A853 /* AddView.swift */ = {isa = PBXFileReference; lastKnownFileType = sourcecode.swift; path = AddView.swift; sourceTree = "<group>"; };
		CEEB1C4A2A9182460068A853 /* CardSuitView.swift */ = {isa = PBXFileReference; lastKnownFileType = sourcecode.swift; path = CardSuitView.swift; sourceTree = "<group>"; };
/* End PBXFileReference section */

/* Begin PBXFrameworksBuildPhase section */
		CEEB1C2C2A9181AB0068A853 /* Frameworks */ = {
			isa = PBXFrameworksBuildPhase;
			buildActionMask = 2147483647;
			files = (
			);
			runOnlyForDeploymentPostprocessing = 0;
		};
/* End PBXFrameworksBuildPhase section */

/* Begin PBXGroup section */
		CEEB1C262A9181AB0068A853 = {
			isa = PBXGroup;
			children = (
				CEEB1C312A9181AB0068A853 /* LearnCrudNav */,
				CEEB1C302A9181AB0068A853 /* Products */,
			);
			sourceTree = "<group>";
		};
		CEEB1C302A9181AB0068A853 /* Products */ = {
			isa = PBXGroup;
			children = (
				CEEB1C2F2A9181AB0068A853 /* LearnCrudNav.app */,
			);
			name = Products;
			sourceTree = "<group>";
		};
		CEEB1C312A9181AB0068A853 /* LearnCrudNav */ = {
			isa = PBXGroup;
			children = (
				CEC430B42ADA6DB800B301A6 /* Info.plist */,
				CEEB1C462A9181F50068A853 /* EditView.swift */,
				CEE84DB52A92D658006276A0 /* ItemFormView.swift */,
				CEEB1C482A9182030068A853 /* AddView.swift */,
				CEEB1C322A9181AB0068A853 /* LearnCrudNavApp.swift */,
				CEEB1C402A9181BE0068A853 /* Models.swift */,
				CEEB1C422A9181E30068A853 /* ListView.swift */,
				CEEB1C4A2A9182460068A853 /* CardSuitView.swift */,
				CEEB1C442A9181ED0068A853 /* ShowView.swift */,
				CEEB1C362A9181AD0068A853 /* Assets.xcassets */,
				CEEB1C382A9181AD0068A853 /* Preview Content */,
			);
			path = LearnCrudNav;
			sourceTree = "<group>";
		};
		CEEB1C382A9181AD0068A853 /* Preview Content */ = {
			isa = PBXGroup;
			children = (
				CEEB1C392A9181AD0068A853 /* Preview Assets.xcassets */,
			);
			path = "Preview Content";
			sourceTree = "<group>";
		};
/* End PBXGroup section */

/* Begin PBXNativeTarget section */
		CEEB1C2E2A9181AB0068A853 /* LearnCrudNav */ = {
			isa = PBXNativeTarget;
			buildConfigurationList = CEEB1C3D2A9181AD0068A853 /* Build configuration list for PBXNativeTarget "LearnCrudNav" */;
			buildPhases = (
				CEEB1C2B2A9181AB0068A853 /* Sources */,
				CEEB1C2C2A9181AB0068A853 /* Frameworks */,
				CEEB1C2D2A9181AB0068A853 /* Resources */,
			);
			buildRules = (
			);
			dependencies = (
			);
			name = LearnCrudNav;
			productName = LearnCrudNav;
			productReference = CEEB1C2F2A9181AB0068A853 /* LearnCrudNav.app */;
			productType = "com.apple.product-type.application";
		};
/* End PBXNativeTarget section */

/* Begin PBXProject section */
		CEEB1C272A9181AB0068A853 /* Project object */ = {
			isa = PBXProject;
			attributes = {
				BuildIndependentTargetsInParallel = 1;
				LastSwiftUpdateCheck = 1420;
				LastUpgradeCheck = 1500;
				TargetAttributes = {
					CEEB1C2E2A9181AB0068A853 = {
						CreatedOnToolsVersion = 14.2;
					};
				};
			};
			buildConfigurationList = CEEB1C2A2A9181AB0068A853 /* Build configuration list for PBXProject "LearnCrudNav" */;
			compatibilityVersion = "Xcode 14.0";
			developmentRegion = en;
			hasScannedForEncodings = 0;
			knownRegions = (
				en,
				Base,
			);
			mainGroup = CEEB1C262A9181AB0068A853;
			productRefGroup = CEEB1C302A9181AB0068A853 /* Products */;
			projectDirPath = "";
			projectRoot = "";
			targets = (
				CEEB1C2E2A9181AB0068A853 /* LearnCrudNav */,
			);
		};
/* End PBXProject section */

/* Begin PBXResourcesBuildPhase section */
		CEEB1C2D2A9181AB0068A853 /* Resources */ = {
			isa = PBXResourcesBuildPhase;
			buildActionMask = 2147483647;
			files = (
				CEEB1C3A2A9181AD0068A853 /* Preview Assets.xcassets in Resources */,
				CEEB1C372A9181AD0068A853 /* Assets.xcassets in Resources */,
			);
			runOnlyForDeploymentPostprocessing = 0;
		};
/* End PBXResourcesBuildPhase section */

/* Begin PBXSourcesBuildPhase section */
		CEEB1C2B2A9181AB0068A853 /* Sources */ = {
			isa = PBXSourcesBuildPhase;
			buildActionMask = 2147483647;
			files = (
				CEEB1C492A9182030068A853 /* AddView.swift in Sources */,
				CEEB1C452A9181ED0068A853 /* ShowView.swift in Sources */,
				CEEB1C432A9181E30068A853 /* ListView.swift in Sources */,
				CEE84DB62A92D658006276A0 /* ItemFormView.swift in Sources */,
				CEEB1C4B2A9182460068A853 /* CardSuitView.swift in Sources */,
				CEEB1C472A9181F50068A853 /* EditView.swift in Sources */,
				CEEB1C412A9181BE0068A853 /* Models.swift in Sources */,
				CEEB1C332A9181AB0068A853 /* LearnCrudNavApp.swift in Sources */,
			);
			runOnlyForDeploymentPostprocessing = 0;
		};
/* End PBXSourcesBuildPhase section */

/* Begin XCBuildConfiguration section */
		CEEB1C3B2A9181AD0068A853 /* Debug */ = {
			isa = XCBuildConfiguration;
			buildSettings = {
				ALWAYS_SEARCH_USER_PATHS = NO;
				CLANG_ANALYZER_NONNULL = YES;
				CLANG_ANALYZER_NUMBER_OBJECT_CONVERSION = YES_AGGRESSIVE;
				CLANG_CXX_LANGUAGE_STANDARD = "gnu++20";
				CLANG_ENABLE_MODULES = YES;
				CLANG_ENABLE_OBJC_ARC = YES;
				CLANG_ENABLE_OBJC_WEAK = YES;
				CLANG_WARN_BLOCK_CAPTURE_AUTORELEASING = YES;
				CLANG_WARN_BOOL_CONVERSION = YES;
				CLANG_WARN_COMMA = YES;
				CLANG_WARN_CONSTANT_CONVERSION = YES;
				CLANG_WARN_DEPRECATED_OBJC_IMPLEMENTATIONS = YES;
				CLANG_WARN_DIRECT_OBJC_ISA_USAGE = YES_ERROR;
				CLANG_WARN_DOCUMENTATION_COMMENTS = YES;
				CLANG_WARN_EMPTY_BODY = YES;
				CLANG_WARN_ENUM_CONVERSION = YES;
				CLANG_WARN_INFINITE_RECURSION = YES;
				CLANG_WARN_INT_CONVERSION = YES;
				CLANG_WARN_NON_LITERAL_NULL_CONVERSION = YES;
				CLANG_WARN_OBJC_IMPLICIT_RETAIN_SELF = YES;
				CLANG_WARN_OBJC_LITERAL_CONVERSION = YES;
				CLANG_WARN_OBJC_ROOT_CLASS = YES_ERROR;
				CLANG_WARN_QUOTED_INCLUDE_IN_FRAMEWORK_HEADER = YES;
				CLANG_WARN_RANGE_LOOP_ANALYSIS = YES;
				CLANG_WARN_STRICT_PROTOTYPES = YES;
				CLANG_WARN_SUSPICIOUS_MOVE = YES;
				CLANG_WARN_UNGUARDED_AVAILABILITY = YES_AGGRESSIVE;
				CLANG_WARN_UNREACHABLE_CODE = YES;
				CLANG_WARN__DUPLICATE_METHOD_MATCH = YES;
				COPY_PHASE_STRIP = NO;
				DEBUG_INFORMATION_FORMAT = dwarf;
				ENABLE_STRICT_OBJC_MSGSEND = YES;
				ENABLE_TESTABILITY = YES;
				ENABLE_USER_SCRIPT_SANDBOXING = YES;
				GCC_C_LANGUAGE_STANDARD = gnu11;
				GCC_DYNAMIC_NO_PIC = NO;
				GCC_NO_COMMON_BLOCKS = YES;
				GCC_OPTIMIZATION_LEVEL = 0;
				GCC_PREPROCESSOR_DEFINITIONS = (
					"DEBUG=1",
					"$(inherited)",
				);
				GCC_WARN_64_TO_32_BIT_CONVERSION = YES;
				GCC_WARN_ABOUT_RETURN_TYPE = YES_ERROR;
				GCC_WARN_UNDECLARED_SELECTOR = YES;
				GCC_WARN_UNINITIALIZED_AUTOS = YES_AGGRESSIVE;
				GCC_WARN_UNUSED_FUNCTION = YES;
				GCC_WARN_UNUSED_VARIABLE = YES;
				IPHONEOS_DEPLOYMENT_TARGET = 16.6;
				MTL_ENABLE_DEBUG_INFO = INCLUDE_SOURCE;
				MTL_FAST_MATH = YES;
				ONLY_ACTIVE_ARCH = YES;
				SDKROOT = iphoneos;
				SWIFT_ACTIVE_COMPILATION_CONDITIONS = DEBUG;
				SWIFT_OPTIMIZATION_LEVEL = "-Onone";
			};
			name = Debug;
		};
		CEEB1C3C2A9181AD0068A853 /* Release */ = {
			isa = XCBuildConfiguration;
			buildSettings = {
				ALWAYS_SEARCH_USER_PATHS = NO;
				CLANG_ANALYZER_NONNULL = YES;
				CLANG_ANALYZER_NUMBER_OBJECT_CONVERSION = YES_AGGRESSIVE;
				CLANG_CXX_LANGUAGE_STANDARD = "gnu++20";
				CLANG_ENABLE_MODULES = YES;
				CLANG_ENABLE_OBJC_ARC = YES;
				CLANG_ENABLE_OBJC_WEAK = YES;
				CLANG_WARN_BLOCK_CAPTURE_AUTORELEASING = YES;
				CLANG_WARN_BOOL_CONVERSION = YES;
				CLANG_WARN_COMMA = YES;
				CLANG_WARN_CONSTANT_CONVERSION = YES;
				CLANG_WARN_DEPRECATED_OBJC_IMPLEMENTATIONS = YES;
				CLANG_WARN_DIRECT_OBJC_ISA_USAGE = YES_ERROR;
				CLANG_WARN_DOCUMENTATION_COMMENTS = YES;
				CLANG_WARN_EMPTY_BODY = YES;
				CLANG_WARN_ENUM_CONVERSION = YES;
				CLANG_WARN_INFINITE_RECURSION = YES;
				CLANG_WARN_INT_CONVERSION = YES;
				CLANG_WARN_NON_LITERAL_NULL_CONVERSION = YES;
				CLANG_WARN_OBJC_IMPLICIT_RETAIN_SELF = YES;
				CLANG_WARN_OBJC_LITERAL_CONVERSION = YES;
				CLANG_WARN_OBJC_ROOT_CLASS = YES_ERROR;
				CLANG_WARN_QUOTED_INCLUDE_IN_FRAMEWORK_HEADER = YES;
				CLANG_WARN_RANGE_LOOP_ANALYSIS = YES;
				CLANG_WARN_STRICT_PROTOTYPES = YES;
				CLANG_WARN_SUSPICIOUS_MOVE = YES;
				CLANG_WARN_UNGUARDED_AVAILABILITY = YES_AGGRESSIVE;
				CLANG_WARN_UNREACHABLE_CODE = YES;
				CLANG_WARN__DUPLICATE_METHOD_MATCH = YES;
				COPY_PHASE_STRIP = NO;
				DEBUG_INFORMATION_FORMAT = "dwarf-with-dsym";
				ENABLE_NS_ASSERTIONS = NO;
				ENABLE_STRICT_OBJC_MSGSEND = YES;
				ENABLE_USER_SCRIPT_SANDBOXING = YES;
				GCC_C_LANGUAGE_STANDARD = gnu11;
				GCC_NO_COMMON_BLOCKS = YES;
				GCC_WARN_64_TO_32_BIT_CONVERSION = YES;
				GCC_WARN_ABOUT_RETURN_TYPE = YES_ERROR;
				GCC_WARN_UNDECLARED_SELECTOR = YES;
				GCC_WARN_UNINITIALIZED_AUTOS = YES_AGGRESSIVE;
				GCC_WARN_UNUSED_FUNCTION = YES;
				GCC_WARN_UNUSED_VARIABLE = YES;
				IPHONEOS_DEPLOYMENT_TARGET = 16.6;
				MTL_ENABLE_DEBUG_INFO = NO;
				MTL_FAST_MATH = YES;
				SDKROOT = iphoneos;
				SWIFT_COMPILATION_MODE = wholemodule;
				SWIFT_OPTIMIZATION_LEVEL = "-O";
				VALIDATE_PRODUCT = YES;
			};
			name = Release;
		};
		CEEB1C3E2A9181AD0068A853 /* Debug */ = {
			isa = XCBuildConfiguration;
			buildSettings = {
				ASSETCATALOG_COMPILER_APPICON_NAME = AppIcon;
				ASSETCATALOG_COMPILER_GLOBAL_ACCENT_COLOR_NAME = AccentColor;
				CODE_SIGN_STYLE = Automatic;
				CURRENT_PROJECT_VERSION = 1;
				DEVELOPMENT_ASSET_PATHS = "\"LearnCrudNav/Preview Content\"";
				DEVELOPMENT_TEAM = 9M5R2N9KAM;
				ENABLE_PREVIEWS = YES;
				GENERATE_INFOPLIST_FILE = YES;
				INFOPLIST_FILE = LearnCrudNav/Info.plist;
				INFOPLIST_KEY_UIApplicationSupportsIndirectInputEvents = YES;
				INFOPLIST_KEY_UILaunchScreen_Generation = YES;
				INFOPLIST_KEY_UISupportedInterfaceOrientations_iPad = "UIInterfaceOrientationPortrait UIInterfaceOrientationPortraitUpsideDown UIInterfaceOrientationLandscapeLeft UIInterfaceOrientationLandscapeRight";
				INFOPLIST_KEY_UISupportedInterfaceOrientations_iPhone = "UIInterfaceOrientationPortrait UIInterfaceOrientationLandscapeLeft UIInterfaceOrientationLandscapeRight";
				LD_RUNPATH_SEARCH_PATHS = (
					"$(inherited)",
					"@executable_path/Frameworks",
				);
				MARKETING_VERSION = 1.0;
				PRODUCT_BUNDLE_IDENTIFIER = rocks.avilay.LearnCrudNav;
				PRODUCT_NAME = "$(TARGET_NAME)";
				SWIFT_EMIT_LOC_STRINGS = YES;
				SWIFT_VERSION = 5.0;
				TARGETED_DEVICE_FAMILY = "1,2";
			};
			name = Debug;
		};
		CEEB1C3F2A9181AD0068A853 /* Release */ = {
			isa = XCBuildConfiguration;
			buildSettings = {
				ASSETCATALOG_COMPILER_APPICON_NAME = AppIcon;
				ASSETCATALOG_COMPILER_GLOBAL_ACCENT_COLOR_NAME = AccentColor;
				CODE_SIGN_STYLE = Automatic;
				CURRENT_PROJECT_VERSION = 1;
				DEVELOPMENT_ASSET_PATHS = "\"LearnCrudNav/Preview Content\"";
				DEVELOPMENT_TEAM = 9M5R2N9KAM;
				ENABLE_PREVIEWS = YES;
				GENERATE_INFOPLIST_FILE = YES;
				INFOPLIST_FILE = LearnCrudNav/Info.plist;
				INFOPLIST_KEY_UIApplicationSupportsIndirectInputEvents = YES;
				INFOPLIST_KEY_UILaunchScreen_Generation = YES;
				INFOPLIST_KEY_UISupportedInterfaceOrientations_iPad = "UIInterfaceOrientationPortrait UIInterfaceOrientationPortraitUpsideDown UIInterfaceOrientationLandscapeLeft UIInterfaceOrientationLandscapeRight";
				INFOPLIST_KEY_UISupportedInterfaceOrientations_iPhone = "UIInterfaceOrientationPortrait UIInterfaceOrientationLandscapeLeft UIInterfaceOrientationLandscapeRight";
				LD_RUNPATH_SEARCH_PATHS = (
					"$(inherited)",
					"@executable_path/Frameworks",
				);
				MARKETING_VERSION = 1.0;
				PRODUCT_BUNDLE_IDENTIFIER = rocks.avilay.LearnCrudNav;
				PRODUCT_NAME = "$(TARGET_NAME)";
				SWIFT_EMIT_LOC_STRINGS = YES;
				SWIFT_VERSION = 5.0;
				TARGETED_DEVICE_FAMILY = "1,2";
			};
			name = Release;
		};
/* End XCBuildConfiguration section */

/* Begin XCConfigurationList section */
		CEEB1C2A2A9181AB0068A853 /* Build configuration list for PBXProject "LearnCrudNav" */ = {
			isa = XCConfigurationList;
			buildConfigurations = (
				CEEB1C3B2A9181AD0068A853 /* Debug */,
				CEEB1C3C2A9181AD0068A853 /* Release */,
			);
			defaultConfigurationIsVisible = 0;
			defaultConfigurationName = Release;
		};
		CEEB1C3D2A9181AD0068A853 /* Build configuration list for PBXNativeTarget "LearnCrudNav" */ = {
			isa = XCConfigurationList;
			buildConfigurations = (
				CEEB1C3E2A9181AD0068A853 /* Debug */,
				CEEB1C3F2A9181AD0068A853 /* Release */,
			);
			defaultConfigurationIsVisible = 0;
			defaultConfigurationName = Release;
		};
/* End XCConfigurationList section */
	};
	rootObject = CEEB1C272A9181AB0068A853 /* Project object */;
}
